{
  "name": "javascript-tools",
  "version": "1.0.0",
  "lockfileVersion": 1,
  "requires": true,
  "dependencies": {
    "prototype": {
      "version": "0.0.5",
      "resolved": "https://registry.npmjs.org/prototype/-/prototype-0.0.5.tgz",
      "integrity": "sha1-gzym73vTsrZ9qnwTmdKtQk4IInM="
    }
  }
}
